
Microsoft Visual Studio Solution File, Format Version 12.00
# Visual Studio 15
VisualStudioVersion = 15.0.28307.271
MinimumVisualStudioVersion = 10.0.40219.1
Project("{FAE04EC0-301F-11D3-BF4B-00C04F79EFBC}") = "ExtendedMath", "ExtendedMath\ExtendedMath.csproj", "{442552A7-241B-4452-9A96-A019D40B1141}"
EndProject
Project("{FAE04EC0-301F-11D3-BF4B-00C04F79EFBC}") = "ExtendedMathTest", "ExtendedMathTest\ExtendedMathTest.csproj", "{744FF3A7-8585-49F2-B65C-D19ED3D429F4}"
EndProject
Global
	GlobalSection(SolutionConfigurationPlatforms) = preSolution
		Debug|Any CPU = Debug|Any CPU
		Release|Any CPU = Release|Any CPU
	EndGlobalSection
	GlobalSection(ProjectConfigurationPlatforms) = postSolution
		{442552A7-241B-4452-9A96-A019D40B1141}.Debug|Any CPU.ActiveCfg = Debug|Any CPU
		{442552A7-241B-4452-9A96-A019D40B1141}.Debug|Any CPU.Build.0 = Debug|Any CPU
		{442552A7-241B-4452-9A96-A019D40B1141}.Release|Any CPU.ActiveCfg = Release|Any CPU
		{442552A7-241B-4452-9A96-A019D40B1141}.Release|Any CPU.Build.0 = Release|Any CPU
		{744FF3A7-8585-49F2-B65C-D19ED3D429F4}.Debug|Any CPU.ActiveCfg = Debug|Any CPU
		{744FF3A7-8585-49F2-B65C-D19ED3D429F4}.Debug|Any CPU.Build.0 = Debug|Any CPU
		{744FF3A7-8585-49F2-B65C-D19ED3D429F4}.Release|Any CPU.ActiveCfg = Release|Any CPU
		{744FF3A7-8585-49F2-B65C-D19ED3D429F4}.Release|Any CPU.Build.0 = Release|Any CPU
	EndGlobalSection
	GlobalSection(SolutionProperties) = preSolution
		HideSolutionNode = FALSE
	EndGlobalSection
	GlobalSection(ExtensibilityGlobals) = postSolution
		SolutionGuid = {8E347931-CB76-422C-B765-A38DE9574919}
	EndGlobalSection
EndGlobal
